// !$*UTF8*$!
{
	archiveVersion = 1;
	classes = {
	};
	objectVersion = 50;
	objects = {

/* Begin PBXBuildFile section */
		C31430D22532D7D3007FF655 /* Request.swift in Sources */ = {isa = PBXBuildFile; fileRef = C31430D12532D7D3007FF655 /* Request.swift */; };
		C31430D62532D80F007FF655 /* Json.swift in Sources */ = {isa = PBXBuildFile; fileRef = C31430D52532D80F007FF655 /* Json.swift */; };
		C31E55F2252ECDD0005FC128 /* AppDelegate.swift in Sources */ = {isa = PBXBuildFile; fileRef = C31E55F1252ECDD0005FC128 /* AppDelegate.swift */; };
		C31E55F4252ECDD0005FC128 /* SceneDelegate.swift in Sources */ = {isa = PBXBuildFile; fileRef = C31E55F3252ECDD0005FC128 /* SceneDelegate.swift */; };
		C31E55F6252ECDD0005FC128 /* ContentView.swift in Sources */ = {isa = PBXBuildFile; fileRef = C31E55F5252ECDD0005FC128 /* ContentView.swift */; };
		C31E55F8252ECDD1005FC128 /* Assets.xcassets in Resources */ = {isa = PBXBuildFile; fileRef = C31E55F7252ECDD1005FC128 /* Assets.xcassets */; };
		C31E55FB252ECDD1005FC128 /* Preview Assets.xcassets in Resources */ = {isa = PBXBuildFile; fileRef = C31E55FA252ECDD1005FC128 /* Preview Assets.xcassets */; };
		C31E55FE252ECDD1005FC128 /* LaunchScreen.storyboard in Resources */ = {isa = PBXBuildFile; fileRef = C31E55FC252ECDD1005FC128 /* LaunchScreen.storyboard */; };
		C31E5609252ED660005FC128 /* Home.swift in Sources */ = {isa = PBXBuildFile; fileRef = C31E5608252ED660005FC128 /* Home.swift */; };
		C31E5618252EDA73005FC128 /* Photos.xcassets in Resources */ = {isa = PBXBuildFile; fileRef = C31E5617252EDA73005FC128 /* Photos.xcassets */; };
		C31E561B252EFFBD005FC128 /* Photo.swift in Sources */ = {isa = PBXBuildFile; fileRef = C31E561A252EFFBD005FC128 /* Photo.swift */; };
		C31E561E252F2E0D005FC128 /* Location.swift in Sources */ = {isa = PBXBuildFile; fileRef = C31E561D252F2E0D005FC128 /* Location.swift */; };
		C31E5621252F2E33005FC128 /* Likes.swift in Sources */ = {isa = PBXBuildFile; fileRef = C31E5620252F2E33005FC128 /* Likes.swift */; };
		C3231C0A25A7170200503C71 /* launch.png in Resources */ = {isa = PBXBuildFile; fileRef = C3231C0925A7170200503C71 /* launch.png */; };
/* End PBXBuildFile section */

/* Begin PBXFileReference section */
		C31430D12532D7D3007FF655 /* Request.swift */ = {isa = PBXFileReference; lastKnownFileType = sourcecode.swift; path = Request.swift; sourceTree = "<group>"; };
		C31430D52532D80F007FF655 /* Json.swift */ = {isa = PBXFileReference; lastKnownFileType = sourcecode.swift; path = Json.swift; sourceTree = "<group>"; };
		C31E55EE252ECDCF005FC128 /* Gallery.app */ = {isa = PBXFileReference; explicitFileType = wrapper.application; includeInIndex = 0; path = Gallery.app; sourceTree = BUILT_PRODUCTS_DIR; };
		C31E55F1252ECDD0005FC128 /* AppDelegate.swift */ = {isa = PBXFileReference; lastKnownFileType = sourcecode.swift; path = AppDelegate.swift; sourceTree = "<group>"; };
		C31E55F3252ECDD0005FC128 /* SceneDelegate.swift */ = {isa = PBXFileReference; lastKnownFileType = sourcecode.swift; path = SceneDelegate.swift; sourceTree = "<group>"; };
		C31E55F5252ECDD0005FC128 /* ContentView.swift */ = {isa = PBXFileReference; lastKnownFileType = sourcecode.swift; path = ContentView.swift; sourceTree = "<group>"; };
		C31E55F7252ECDD1005FC128 /* Assets.xcassets */ = {isa = PBXFileReference; lastKnownFileType = folder.assetcatalog; path = Assets.xcassets; sourceTree = "<group>"; };
		C31E55FA252ECDD1005FC128 /* Preview Assets.xcassets */ = {isa = PBXFileReference; lastKnownFileType = folder.assetcatalog; path = "Preview Assets.xcassets"; sourceTree = "<group>"; };
		C31E55FD252ECDD1005FC128 /* Base */ = {isa = PBXFileReference; lastKnownFileType = file.storyboard; name = Base; path = Base.lproj/LaunchScreen.storyboard; sourceTree = "<group>"; };
		C31E55FF252ECDD1005FC128 /* Info.plist */ = {isa = PBXFileReference; lastKnownFileType = text.plist.xml; path = Info.plist; sourceTree = "<group>"; };
		C31E5608252ED660005FC128 /* Home.swift */ = {isa = PBXFileReference; lastKnownFileType = sourcecode.swift; path = Home.swift; sourceTree = "<group>"; };
		C31E5617252EDA73005FC128 /* Photos.xcassets */ = {isa = PBXFileReference; lastKnownFileType = folder.assetcatalog; path = Photos.xcassets; sourceTree = "<group>"; };
		C31E561A252EFFBD005FC128 /* Photo.swift */ = {isa = PBXFileReference; lastKnownFileType = sourcecode.swift; path = Photo.swift; sourceTree = "<group>"; };
		C31E561D252F2E0D005FC128 /* Location.swift */ = {isa = PBXFileReference; lastKnownFileType = sourcecode.swift; path = Location.swift; sourceTree = "<group>"; };
		C31E5620252F2E33005FC128 /* Likes.swift */ = {isa = PBXFileReference; lastKnownFileType = sourcecode.swift; path = Likes.swift; sourceTree = "<group>"; };
		C3231C0925A7170200503C71 /* launch.png */ = {isa = PBXFileReference; lastKnownFileType = image.png; path = launch.png; sourceTree = "<group>"; };
/* End PBXFileReference section */

/* Begin PBXFrameworksBuildPhase section */
		C31E55EB252ECDCF005FC128 /* Frameworks */ = {
			isa = PBXFrameworksBuildPhase;
			buildActionMask = 2147483647;
			files = (
			);
			runOnlyForDeploymentPostprocessing = 0;
		};
/* End PBXFrameworksBuildPhase section */

/* Begin PBXGroup section */
		C31430D02532D757007FF655 /* Utils */ = {
			isa = PBXGroup;
			children = (
				C31430D12532D7D3007FF655 /* Request.swift */,
				C31430D52532D80F007FF655 /* Json.swift */,
			);
			path = Utils;
			sourceTree = "<group>";
		};
		C31E55E5252ECDCF005FC128 = {
			isa = PBXGroup;
			children = (
				C31E55F0252ECDCF005FC128 /* Gallery */,
				C31E55EF252ECDCF005FC128 /* Products */,
			);
			sourceTree = "<group>";
		};
		C31E55EF252ECDCF005FC128 /* Products */ = {
			isa = PBXGroup;
			children = (
				C31E55EE252ECDCF005FC128 /* Gallery.app */,
			);
			name = Products;
			sourceTree = "<group>";
		};
		C31E55F0252ECDCF005FC128 /* Gallery */ = {
			isa = PBXGroup;
			children = (
				C3231C0925A7170200503C71 /* launch.png */,
				C31430D02532D757007FF655 /* Utils */,
				C31E5607252ED643005FC128 /* Screens */,
				C31E55F1252ECDD0005FC128 /* AppDelegate.swift */,
				C31E55F3252ECDD0005FC128 /* SceneDelegate.swift */,
				C31E55F5252ECDD0005FC128 /* ContentView.swift */,
				C31E55F7252ECDD1005FC128 /* Assets.xcassets */,
				C31E55FC252ECDD1005FC128 /* LaunchScreen.storyboard */,
				C31E55FF252ECDD1005FC128 /* Info.plist */,
				C31E55F9252ECDD1005FC128 /* Preview Content */,
				C31E5617252EDA73005FC128 /* Photos.xcassets */,
			);
			path = Gallery;
			sourceTree = "<group>";
		};
		C31E55F9252ECDD1005FC128 /* Preview Content */ = {
			isa = PBXGroup;
			children = (
				C31E55FA252ECDD1005FC128 /* Preview Assets.xcassets */,
			);
			path = "Preview Content";
			sourceTree = "<group>";
		};
		C31E5607252ED643005FC128 /* Screens */ = {
			isa = PBXGroup;
			children = (
				C31E5608252ED660005FC128 /* Home.swift */,
				C31E561A252EFFBD005FC128 /* Photo.swift */,
				C31E561D252F2E0D005FC128 /* Location.swift */,
				C31E5620252F2E33005FC128 /* Likes.swift */,
			);
			path = Screens;
			sourceTree = "<group>";
		};
/* End PBXGroup section */

/* Begin PBXNativeTarget section */
		C31E55ED252ECDCF005FC128 /* Gallery */ = {
			isa = PBXNativeTarget;
			buildConfigurationList = C31E5602252ECDD1005FC128 /* Build configuration list for PBXNativeTarget "Gallery" */;
			buildPhases = (
				C31E55EA252ECDCF005FC128 /* Sources */,
				C31E55EB252ECDCF005FC128 /* Frameworks */,
				C31E55EC252ECDCF005FC128 /* Resources */,
			);
			buildRules = (
			);
			dependencies = (
			);
			name = Gallery;
			productName = Gallery;
			productReference = C31E55EE252ECDCF005FC128 /* Gallery.app */;
			productType = "com.apple.product-type.application";
		};
/* End PBXNativeTarget section */

/* Begin PBXProject section */
		C31E55E6252ECDCF005FC128 /* Project object */ = {
			isa = PBXProject;
			attributes = {
				LastSwiftUpdateCheck = 1200;
				LastUpgradeCheck = 1200;
				TargetAttributes = {
					C31E55ED252ECDCF005FC128 = {
						CreatedOnToolsVersion = 12.0.1;
					};
				};
			};
			buildConfigurationList = C31E55E9252ECDCF005FC128 /* Build configuration list for PBXProject "Gallery" */;
			compatibilityVersion = "Xcode 9.3";
			developmentRegion = en;
			hasScannedForEncodings = 0;
			knownRegions = (
				en,
				Base,
			);
			mainGroup = C31E55E5252ECDCF005FC128;
			productRefGroup = C31E55EF252ECDCF005FC128 /* Products */;
			projectDirPath = "";
			projectRoot = "";
			targets = (
				C31E55ED252ECDCF005FC128 /* Gallery */,
			);
		};
/* End PBXProject section */

/* Begin PBXResourcesBuildPhase section */
		C31E55EC252ECDCF005FC128 /* Resources */ = {
			isa = PBXResourcesBuildPhase;
			buildActionMask = 2147483647;
			files = (
				C31E5618252EDA73005FC128 /* Photos.xcassets in Resources */,
				C3231C0A25A7170200503C71 /* launch.png in Resources */,
				C31E55FE252ECDD1005FC128 /* LaunchScreen.storyboard in Resources */,
				C31E55FB252ECDD1005FC128 /* Preview Assets.xcassets in Resources */,
				C31E55F8252ECDD1005FC128 /* Assets.xcassets in Resources */,
			);
			runOnlyForDeploymentPostprocessing = 0;
		};
/* End PBXResourcesBuildPhase section */

/* Begin PBXSourcesBuildPhase section */
		C31E55EA252ECDCF005FC128 /* Sources */ = {
			isa = PBXSourcesBuildPhase;
			buildActionMask = 2147483647;
			files = (
				C31430D62532D80F007FF655 /* Json.swift in Sources */,
				C31E55F2252ECDD0005FC128 /* AppDelegate.swift in Sources */,
				C31430D22532D7D3007FF655 /* Request.swift in Sources */,
				C31E55F4252ECDD0005FC128 /* SceneDelegate.swift in Sources */,
				C31E5609252ED660005FC128 /* Home.swift in Sources */,
				C31E55F6252ECDD0005FC128 /* ContentView.swift in Sources */,
				C31E561E252F2E0D005FC128 /* Location.swift in Sources */,
				C31E561B252EFFBD005FC128 /* Photo.swift in Sources */,
				C31E5621252F2E33005FC128 /* Likes.swift in Sources */,
			);
			runOnlyForDeploymentPostprocessing = 0;
		};
/* End PBXSourcesBuildPhase section */

/* Begin PBXVariantGroup section */
		C31E55FC252ECDD1005FC128 /* LaunchScreen.storyboard */ = {
			isa = PBXVariantGroup;
			children = (
				C31E55FD252ECDD1005FC128 /* Base */,
			);
			name = LaunchScreen.storyboard;
			sourceTree = "<group>";
		};
/* End PBXVariantGroup section */

/* Begin XCBuildConfiguration section */
		C31E5600252ECDD1005FC128 /* Debug */ = {
			isa = XCBuildConfiguration;
			buildSettings = {
				ALWAYS_SEARCH_USER_PATHS = NO;
				CLANG_ANALYZER_NONNULL = YES;
				CLANG_ANALYZER_NUMBER_OBJECT_CONVERSION = YES_AGGRESSIVE;
				CLANG_CXX_LANGUAGE_STANDARD = "gnu++14";
				CLANG_CXX_LIBRARY = "libc++";
				CLANG_ENABLE_MODULES = YES;
				CLANG_ENABLE_OBJC_ARC = YES;
				CLANG_ENABLE_OBJC_WEAK = YES;
				CLANG_WARN_BLOCK_CAPTURE_AUTORELEASING = YES;
				CLANG_WARN_BOOL_CONVERSION = YES;
				CLANG_WARN_COMMA = YES;
				CLANG_WARN_CONSTANT_CONVERSION = YES;
				CLANG_WARN_DEPRECATED_OBJC_IMPLEMENTATIONS = YES;
				CLANG_WARN_DIRECT_OBJC_ISA_USAGE = YES_ERROR;
				CLANG_WARN_DOCUMENTATION_COMMENTS = YES;
				CLANG_WARN_EMPTY_BODY = YES;
				CLANG_WARN_ENUM_CONVERSION = YES;
				CLANG_WARN_INFINITE_RECURSION = YES;
				CLANG_WARN_INT_CONVERSION = YES;
				CLANG_WARN_NON_LITERAL_NULL_CONVERSION = YES;
				CLANG_WARN_OBJC_IMPLICIT_RETAIN_SELF = YES;
				CLANG_WARN_OBJC_LITERAL_CONVERSION = YES;
				CLANG_WARN_OBJC_ROOT_CLASS = YES_ERROR;
				CLANG_WARN_QUOTED_INCLUDE_IN_FRAMEWORK_HEADER = YES;
				CLANG_WARN_RANGE_LOOP_ANALYSIS = YES;
				CLANG_WARN_STRICT_PROTOTYPES = YES;
				CLANG_WARN_SUSPICIOUS_MOVE = YES;
				CLANG_WARN_UNGUARDED_AVAILABILITY = YES_AGGRESSIVE;
				CLANG_WARN_UNREACHABLE_CODE = YES;
				CLANG_WARN__DUPLICATE_METHOD_MATCH = YES;
				COPY_PHASE_STRIP = NO;
				DEBUG_INFORMATION_FORMAT = dwarf;
				ENABLE_STRICT_OBJC_MSGSEND = YES;
				ENABLE_TESTABILITY = YES;
				GCC_C_LANGUAGE_STANDARD = gnu11;
				GCC_DYNAMIC_NO_PIC = NO;
				GCC_NO_COMMON_BLOCKS = YES;
				GCC_OPTIMIZATION_LEVEL = 0;
				GCC_PREPROCESSOR_DEFINITIONS = (
					"DEBUG=1",
					"$(inherited)",
				);
				GCC_WARN_64_TO_32_BIT_CONVERSION = YES;
				GCC_WARN_ABOUT_RETURN_TYPE = YES_ERROR;
				GCC_WARN_UNDECLARED_SELECTOR = YES;
				GCC_WARN_UNINITIALIZED_AUTOS = YES_AGGRESSIVE;
				GCC_WARN_UNUSED_FUNCTION = YES;
				GCC_WARN_UNUSED_VARIABLE = YES;
				IPHONEOS_DEPLOYMENT_TARGET = 14.0;
				MTL_ENABLE_DEBUG_INFO = INCLUDE_SOURCE;
				MTL_FAST_MATH = YES;
				ONLY_ACTIVE_ARCH = YES;
				SDKROOT = iphoneos;
				SWIFT_ACTIVE_COMPILATION_CONDITIONS = DEBUG;
				SWIFT_OPTIMIZATION_LEVEL = "-Onone";
			};
			name = Debug;
		};
		C31E5601252ECDD1005FC128 /* Release */ = {
			isa = XCBuildConfiguration;
			buildSettings = {
				ALWAYS_SEARCH_USER_PATHS = NO;
				CLANG_ANALYZER_NONNULL = YES;
				CLANG_ANALYZER_NUMBER_OBJECT_CONVERSION = YES_AGGRESSIVE;
				CLANG_CXX_LANGUAGE_STANDARD = "gnu++14";
				CLANG_CXX_LIBRARY = "libc++";
				CLANG_ENABLE_MODULES = YES;
				CLANG_ENABLE_OBJC_ARC = YES;
				CLANG_ENABLE_OBJC_WEAK = YES;
				CLANG_WARN_BLOCK_CAPTURE_AUTORELEASING = YES;
				CLANG_WARN_BOOL_CONVERSION = YES;
				CLANG_WARN_COMMA = YES;
				CLANG_WARN_CONSTANT_CONVERSION = YES;
				CLANG_WARN_DEPRECATED_OBJC_IMPLEMENTATIONS = YES;
				CLANG_WARN_DIRECT_OBJC_ISA_USAGE = YES_ERROR;
				CLANG_WARN_DOCUMENTATION_COMMENTS = YES;
				CLANG_WARN_EMPTY_BODY = YES;
				CLANG_WARN_ENUM_CONVERSION = YES;
				CLANG_WARN_INFINITE_RECURSION = YES;
				CLANG_WARN_INT_CONVERSION = YES;
				CLANG_WARN_NON_LITERAL_NULL_CONVERSION = YES;
				CLANG_WARN_OBJC_IMPLICIT_RETAIN_SELF = YES;
				CLANG_WARN_OBJC_LITERAL_CONVERSION = YES;
				CLANG_WARN_OBJC_ROOT_CLASS = YES_ERROR;
				CLANG_WARN_QUOTED_INCLUDE_IN_FRAMEWORK_HEADER = YES;
				CLANG_WARN_RANGE_LOOP_ANALYSIS = YES;
				CLANG_WARN_STRICT_PROTOTYPES = YES;
				CLANG_WARN_SUSPICIOUS_MOVE = YES;
				CLANG_WARN_UNGUARDED_AVAILABILITY = YES_AGGRESSIVE;
				CLANG_WARN_UNREACHABLE_CODE = YES;
				CLANG_WARN__DUPLICATE_METHOD_MATCH = YES;
				COPY_PHASE_STRIP = NO;
				DEBUG_INFORMATION_FORMAT = "dwarf-with-dsym";
				ENABLE_NS_ASSERTIONS = NO;
				ENABLE_STRICT_OBJC_MSGSEND = YES;
				GCC_C_LANGUAGE_STANDARD = gnu11;
				GCC_NO_COMMON_BLOCKS = YES;
				GCC_WARN_64_TO_32_BIT_CONVERSION = YES;
				GCC_WARN_ABOUT_RETURN_TYPE = YES_ERROR;
				GCC_WARN_UNDECLARED_SELECTOR = YES;
				GCC_WARN_UNINITIALIZED_AUTOS = YES_AGGRESSIVE;
				GCC_WARN_UNUSED_FUNCTION = YES;
				GCC_WARN_UNUSED_VARIABLE = YES;
				IPHONEOS_DEPLOYMENT_TARGET = 14.0;
				MTL_ENABLE_DEBUG_INFO = NO;
				MTL_FAST_MATH = YES;
				SDKROOT = iphoneos;
				SWIFT_COMPILATION_MODE = wholemodule;
				SWIFT_OPTIMIZATION_LEVEL = "-O";
				VALIDATE_PRODUCT = YES;
			};
			name = Release;
		};
		C31E5603252ECDD1005FC128 /* Debug */ = {
			isa = XCBuildConfiguration;
			buildSettings = {
				ASSETCATALOG_COMPILER_APPICON_NAME = AppIcon;
				ASSETCATALOG_COMPILER_GLOBAL_ACCENT_COLOR_NAME = AccentColor;
				CODE_SIGN_STYLE = Automatic;
				DEVELOPMENT_ASSET_PATHS = "\"Gallery/Preview Content\"";
				DEVELOPMENT_TEAM = 6DSQ3V9ZQW;
				ENABLE_PREVIEWS = YES;
				INFOPLIST_FILE = Gallery/Info.plist;
				LD_RUNPATH_SEARCH_PATHS = (
					"$(inherited)",
					"@executable_path/Frameworks",
				);
				PRODUCT_BUNDLE_IDENTIFIER = "xx-wu.me.Gallery";
				PRODUCT_NAME = "$(TARGET_NAME)";
				SWIFT_VERSION = 5.0;
				TARGETED_DEVICE_FAMILY = "1,2";
			};
			name = Debug;
		};
		C31E5604252ECDD1005FC128 /* Release */ = {
			isa = XCBuildConfiguration;
			buildSettings = {
				ASSETCATALOG_COMPILER_APPICON_NAME = AppIcon;
				ASSETCATALOG_COMPILER_GLOBAL_ACCENT_COLOR_NAME = AccentColor;
				CODE_SIGN_STYLE = Automatic;
				DEVELOPMENT_ASSET_PATHS = "\"Gallery/Preview Content\"";
				DEVELOPMENT_TEAM = 6DSQ3V9ZQW;
				ENABLE_PREVIEWS = YES;
				INFOPLIST_FILE = Gallery/Info.plist;
				LD_RUNPATH_SEARCH_PATHS = (
					"$(inherited)",
					"@executable_path/Frameworks",
				);
				PRODUCT_BUNDLE_IDENTIFIER = "xx-wu.me.Gallery";
				PRODUCT_NAME = "$(TARGET_NAME)";
				SWIFT_VERSION = 5.0;
				TARGETED_DEVICE_FAMILY = "1,2";
			};
			name = Release;
		};
/* End XCBuildConfiguration section */

/* Begin XCConfigurationList section */
		C31E55E9252ECDCF005FC128 /* Build configuration list for PBXProject "Gallery" */ = {
			isa = XCConfigurationList;
			buildConfigurations = (
				C31E5600252ECDD1005FC128 /* Debug */,
				C31E5601252ECDD1005FC128 /* Release */,
			);
			defaultConfigurationIsVisible = 0;
			defaultConfigurationName = Release;
		};
		C31E5602252ECDD1005FC128 /* Build configuration list for PBXNativeTarget "Gallery" */ = {
			isa = XCConfigurationList;
			buildConfigurations = (
				C31E5603252ECDD1005FC128 /* Debug */,
				C31E5604252ECDD1005FC128 /* Release */,
			);
			defaultConfigurationIsVisible = 0;
			defaultConfigurationName = Release;
		};
/* End XCConfigurationList section */
	};
	rootObject = C31E55E6252ECDCF005FC128 /* Project object */;
}
